// !$*UTF8*$!
{
	archiveVersion = 1;
	classes = {
	};
	objectVersion = 50;
	objects = {

/* Begin PBXBuildFile section */
		205009AF2700C6CB00199FEB /* AppDelegate.swift in Sources */ = {isa = PBXBuildFile; fileRef = 205009AE2700C6CB00199FEB /* AppDelegate.swift */; };
		205009B12700C6CB00199FEB /* SceneDelegate.swift in Sources */ = {isa = PBXBuildFile; fileRef = 205009B02700C6CB00199FEB /* SceneDelegate.swift */; };
		205009B32700C6CB00199FEB /* ViewController.swift in Sources */ = {isa = PBXBuildFile; fileRef = 205009B22700C6CB00199FEB /* ViewController.swift */; };
		205009B62700C6CC00199FEB /* Main.storyboard in Resources */ = {isa = PBXBuildFile; fileRef = 205009B42700C6CC00199FEB /* Main.storyboard */; };
		205009B92700C6CC00199FEB /* UIDesignTest.xcdatamodeld in Sources */ = {isa = PBXBuildFile; fileRef = 205009B72700C6CC00199FEB /* UIDesignTest.xcdatamodeld */; };
		205009BB2700C6D300199FEB /* Assets.xcassets in Resources */ = {isa = PBXBuildFile; fileRef = 205009BA2700C6D300199FEB /* Assets.xcassets */; };
		205009BE2700C6D300199FEB /* LaunchScreen.storyboard in Resources */ = {isa = PBXBuildFile; fileRef = 205009BC2700C6D300199FEB /* LaunchScreen.storyboard */; };
/* End PBXBuildFile section */

/* Begin PBXFileReference section */
		205009AB2700C6CB00199FEB /* UIDesignTest.app */ = {isa = PBXFileReference; explicitFileType = wrapper.application; includeInIndex = 0; path = UIDesignTest.app; sourceTree = BUILT_PRODUCTS_DIR; };
		205009AE2700C6CB00199FEB /* AppDelegate.swift */ = {isa = PBXFileReference; lastKnownFileType = sourcecode.swift; path = AppDelegate.swift; sourceTree = "<group>"; };
		205009B02700C6CB00199FEB /* SceneDelegate.swift */ = {isa = PBXFileReference; lastKnownFileType = sourcecode.swift; path = SceneDelegate.swift; sourceTree = "<group>"; };
		205009B22700C6CB00199FEB /* ViewController.swift */ = {isa = PBXFileReference; lastKnownFileType = sourcecode.swift; path = ViewController.swift; sourceTree = "<group>"; };
		205009B52700C6CC00199FEB /* Base */ = {isa = PBXFileReference; lastKnownFileType = file.storyboard; name = Base; path = Base.lproj/Main.storyboard; sourceTree = "<group>"; };
		205009B82700C6CC00199FEB /* UIDesignTest.xcdatamodel */ = {isa = PBXFileReference; lastKnownFileType = wrapper.xcdatamodel; path = UIDesignTest.xcdatamodel; sourceTree = "<group>"; };
		205009BA2700C6D300199FEB /* Assets.xcassets */ = {isa = PBXFileReference; lastKnownFileType = folder.assetcatalog; path = Assets.xcassets; sourceTree = "<group>"; };
		205009BD2700C6D300199FEB /* Base */ = {isa = PBXFileReference; lastKnownFileType = file.storyboard; name = Base; path = Base.lproj/LaunchScreen.storyboard; sourceTree = "<group>"; };
		205009BF2700C6D300199FEB /* Info.plist */ = {isa = PBXFileReference; lastKnownFileType = text.plist.xml; path = Info.plist; sourceTree = "<group>"; };
/* End PBXFileReference section */

/* Begin PBXFrameworksBuildPhase section */
		205009A82700C6CB00199FEB /* Frameworks */ = {
			isa = PBXFrameworksBuildPhase;
			buildActionMask = 2147483647;
			files = (
			);
			runOnlyForDeploymentPostprocessing = 0;
		};
/* End PBXFrameworksBuildPhase section */

/* Begin PBXGroup section */
		205009A22700C6CB00199FEB = {
			isa = PBXGroup;
			children = (
				205009AD2700C6CB00199FEB /* UIDesignTest */,
				205009AC2700C6CB00199FEB /* Products */,
			);
			sourceTree = "<group>";
		};
		205009AC2700C6CB00199FEB /* Products */ = {
			isa = PBXGroup;
			children = (
				205009AB2700C6CB00199FEB /* UIDesignTest.app */,
			);
			name = Products;
			sourceTree = "<group>";
		};
		205009AD2700C6CB00199FEB /* UIDesignTest */ = {
			isa = PBXGroup;
			children = (
				205009AE2700C6CB00199FEB /* AppDelegate.swift */,
				205009B02700C6CB00199FEB /* SceneDelegate.swift */,
				205009B22700C6CB00199FEB /* ViewController.swift */,
				205009B42700C6CC00199FEB /* Main.storyboard */,
				205009BA2700C6D300199FEB /* Assets.xcassets */,
				205009BC2700C6D300199FEB /* LaunchScreen.storyboard */,
				205009BF2700C6D300199FEB /* Info.plist */,
				205009B72700C6CC00199FEB /* UIDesignTest.xcdatamodeld */,
			);
			path = UIDesignTest;
			sourceTree = "<group>";
		};
/* End PBXGroup section */

/* Begin PBXNativeTarget section */
		205009AA2700C6CB00199FEB /* UIDesignTest */ = {
			isa = PBXNativeTarget;
			buildConfigurationList = 205009C22700C6D300199FEB /* Build configuration list for PBXNativeTarget "UIDesignTest" */;
			buildPhases = (
				205009A72700C6CB00199FEB /* Sources */,
				205009A82700C6CB00199FEB /* Frameworks */,
				205009A92700C6CB00199FEB /* Resources */,
			);
			buildRules = (
			);
			dependencies = (
			);
			name = UIDesignTest;
			productName = UIDesignTest;
			productReference = 205009AB2700C6CB00199FEB /* UIDesignTest.app */;
			productType = "com.apple.product-type.application";
		};
/* End PBXNativeTarget section */

/* Begin PBXProject section */
		205009A32700C6CB00199FEB /* Project object */ = {
			isa = PBXProject;
			attributes = {
				LastSwiftUpdateCheck = 1250;
				LastUpgradeCheck = 1250;
				TargetAttributes = {
					205009AA2700C6CB00199FEB = {
						CreatedOnToolsVersion = 12.5.1;
					};
				};
			};
			buildConfigurationList = 205009A62700C6CB00199FEB /* Build configuration list for PBXProject "UIDesignTest" */;
			compatibilityVersion = "Xcode 9.3";
			developmentRegion = en;
			hasScannedForEncodings = 0;
			knownRegions = (
				en,
				Base,
			);
			mainGroup = 205009A22700C6CB00199FEB;
			productRefGroup = 205009AC2700C6CB00199FEB /* Products */;
			projectDirPath = "";
			projectRoot = "";
			targets = (
				205009AA2700C6CB00199FEB /* UIDesignTest */,
			);
		};
/* End PBXProject section */

/* Begin PBXResourcesBuildPhase section */
		205009A92700C6CB00199FEB /* Resources */ = {
			isa = PBXResourcesBuildPhase;
			buildActionMask = 2147483647;
			files = (
				205009BE2700C6D300199FEB /* LaunchScreen.storyboard in Resources */,
				205009BB2700C6D300199FEB /* Assets.xcassets in Resources */,
				205009B62700C6CC00199FEB /* Main.storyboard in Resources */,
			);
			runOnlyForDeploymentPostprocessing = 0;
		};
/* End PBXResourcesBuildPhase section */

/* Begin PBXSourcesBuildPhase section */
		205009A72700C6CB00199FEB /* Sources */ = {
			isa = PBXSourcesBuildPhase;
			buildActionMask = 2147483647;
			files = (
				205009B32700C6CB00199FEB /* ViewController.swift in Sources */,
				205009B92700C6CC00199FEB /* UIDesignTest.xcdatamodeld in Sources */,
				205009AF2700C6CB00199FEB /* AppDelegate.swift in Sources */,
				205009B12700C6CB00199FEB /* SceneDelegate.swift in Sources */,
			);
			runOnlyForDeploymentPostprocessing = 0;
		};
/* End PBXSourcesBuildPhase section */

/* Begin PBXVariantGroup section */
		205009B42700C6CC00199FEB /* Main.storyboard */ = {
			isa = PBXVariantGroup;
			children = (
				205009B52700C6CC00199FEB /* Base */,
			);
			name = Main.storyboard;
			sourceTree = "<group>";
		};
		205009BC2700C6D300199FEB /* LaunchScreen.storyboard */ = {
			isa = PBXVariantGroup;
			children = (
				205009BD2700C6D300199FEB /* Base */,
			);
			name = LaunchScreen.storyboard;
			sourceTree = "<group>";
		};
/* End PBXVariantGroup section */

/* Begin XCBuildConfiguration section */
		205009C02700C6D300199FEB /* Debug */ = {
			isa = XCBuildConfiguration;
			buildSettings = {
				ALWAYS_SEARCH_USER_PATHS = NO;
				CLANG_ANALYZER_NONNULL = YES;
				CLANG_ANALYZER_NUMBER_OBJECT_CONVERSION = YES_AGGRESSIVE;
				CLANG_CXX_LANGUAGE_STANDARD = "gnu++14";
				CLANG_CXX_LIBRARY = "libc++";
				CLANG_ENABLE_MODULES = YES;
				CLANG_ENABLE_OBJC_ARC = YES;
				CLANG_ENABLE_OBJC_WEAK = YES;
				CLANG_WARN_BLOCK_CAPTURE_AUTORELEASING = YES;
				CLANG_WARN_BOOL_CONVERSION = YES;
				CLANG_WARN_COMMA = YES;
				CLANG_WARN_CONSTANT_CONVERSION = YES;
				CLANG_WARN_DEPRECATED_OBJC_IMPLEMENTATIONS = YES;
				CLANG_WARN_DIRECT_OBJC_ISA_USAGE = YES_ERROR;
				CLANG_WARN_DOCUMENTATION_COMMENTS = YES;
				CLANG_WARN_EMPTY_BODY = YES;
				CLANG_WARN_ENUM_CONVERSION = YES;
				CLANG_WARN_INFINITE_RECURSION = YES;
				CLANG_WARN_INT_CONVERSION = YES;
				CLANG_WARN_NON_LITERAL_NULL_CONVERSION = YES;
				CLANG_WARN_OBJC_IMPLICIT_RETAIN_SELF = YES;
				CLANG_WARN_OBJC_LITERAL_CONVERSION = YES;
				CLANG_WARN_OBJC_ROOT_CLASS = YES_ERROR;
				CLANG_WARN_QUOTED_INCLUDE_IN_FRAMEWORK_HEADER = YES;
				CLANG_WARN_RANGE_LOOP_ANALYSIS = YES;
				CLANG_WARN_STRICT_PROTOTYPES = YES;
				CLANG_WARN_SUSPICIOUS_MOVE = YES;
				CLANG_WARN_UNGUARDED_AVAILABILITY = YES_AGGRESSIVE;
				CLANG_WARN_UNREACHABLE_CODE = YES;
				CLANG_WARN__DUPLICATE_METHOD_MATCH = YES;
				COPY_PHASE_STRIP = NO;
				DEBUG_INFORMATION_FORMAT = dwarf;
				ENABLE_STRICT_OBJC_MSGSEND = YES;
				ENABLE_TESTABILITY = YES;
				GCC_C_LANGUAGE_STANDARD = gnu11;
				GCC_DYNAMIC_NO_PIC = NO;
				GCC_NO_COMMON_BLOCKS = YES;
				GCC_OPTIMIZATION_LEVEL = 0;
				GCC_PREPROCESSOR_DEFINITIONS = (
					"DEBUG=1",
					"$(inherited)",
				);
				GCC_WARN_64_TO_32_BIT_CONVERSION = YES;
				GCC_WARN_ABOUT_RETURN_TYPE = YES_ERROR;
				GCC_WARN_UNDECLARED_SELECTOR = YES;
				GCC_WARN_UNINITIALIZED_AUTOS = YES_AGGRESSIVE;
				GCC_WARN_UNUSED_FUNCTION = YES;
				GCC_WARN_UNUSED_VARIABLE = YES;
				IPHONEOS_DEPLOYMENT_TARGET = 14.5;
				MTL_ENABLE_DEBUG_INFO = INCLUDE_SOURCE;
				MTL_FAST_MATH = YES;
				ONLY_ACTIVE_ARCH = YES;
				SDKROOT = iphoneos;
				SWIFT_ACTIVE_COMPILATION_CONDITIONS = DEBUG;
				SWIFT_OPTIMIZATION_LEVEL = "-Onone";
			};
			name = Debug;
		};
		205009C12700C6D300199FEB /* Release */ = {
			isa = XCBuildConfiguration;
			buildSettings = {
				ALWAYS_SEARCH_USER_PATHS = NO;
				CLANG_ANALYZER_NONNULL = YES;
				CLANG_ANALYZER_NUMBER_OBJECT_CONVERSION = YES_AGGRESSIVE;
				CLANG_CXX_LANGUAGE_STANDARD = "gnu++14";
				CLANG_CXX_LIBRARY = "libc++";
				CLANG_ENABLE_MODULES = YES;
				CLANG_ENABLE_OBJC_ARC = YES;
				CLANG_ENABLE_OBJC_WEAK = YES;
				CLANG_WARN_BLOCK_CAPTURE_AUTORELEASING = YES;
				CLANG_WARN_BOOL_CONVERSION = YES;
				CLANG_WARN_COMMA = YES;
				CLANG_WARN_CONSTANT_CONVERSION = YES;
				CLANG_WARN_DEPRECATED_OBJC_IMPLEMENTATIONS = YES;
				CLANG_WARN_DIRECT_OBJC_ISA_USAGE = YES_ERROR;
				CLANG_WARN_DOCUMENTATION_COMMENTS = YES;
				CLANG_WARN_EMPTY_BODY = YES;
				CLANG_WARN_ENUM_CONVERSION = YES;
				CLANG_WARN_INFINITE_RECURSION = YES;
				CLANG_WARN_INT_CONVERSION = YES;
				CLANG_WARN_NON_LITERAL_NULL_CONVERSION = YES;
				CLANG_WARN_OBJC_IMPLICIT_RETAIN_SELF = YES;
				CLANG_WARN_OBJC_LITERAL_CONVERSION = YES;
				CLANG_WARN_OBJC_ROOT_CLASS = YES_ERROR;
				CLANG_WARN_QUOTED_INCLUDE_IN_FRAMEWORK_HEADER = YES;
				CLANG_WARN_RANGE_LOOP_ANALYSIS = YES;
				CLANG_WARN_STRICT_PROTOTYPES = YES;
				CLANG_WARN_SUSPICIOUS_MOVE = YES;
				CLANG_WARN_UNGUARDED_AVAILABILITY = YES_AGGRESSIVE;
				CLANG_WARN_UNREACHABLE_CODE = YES;
				CLANG_WARN__DUPLICATE_METHOD_MATCH = YES;
				COPY_PHASE_STRIP = NO;
				DEBUG_INFORMATION_FORMAT = "dwarf-with-dsym";
				ENABLE_NS_ASSERTIONS = NO;
				ENABLE_STRICT_OBJC_MSGSEND = YES;
				GCC_C_LANGUAGE_STANDARD = gnu11;
				GCC_NO_COMMON_BLOCKS = YES;
				GCC_WARN_64_TO_32_BIT_CONVERSION = YES;
				GCC_WARN_ABOUT_RETURN_TYPE = YES_ERROR;
				GCC_WARN_UNDECLARED_SELECTOR = YES;
				GCC_WARN_UNINITIALIZED_AUTOS = YES_AGGRESSIVE;
				GCC_WARN_UNUSED_FUNCTION = YES;
				GCC_WARN_UNUSED_VARIABLE = YES;
				IPHONEOS_DEPLOYMENT_TARGET = 14.5;
				MTL_ENABLE_DEBUG_INFO = NO;
				MTL_FAST_MATH = YES;
				SDKROOT = iphoneos;
				SWIFT_COMPILATION_MODE = wholemodule;
				SWIFT_OPTIMIZATION_LEVEL = "-O";
				VALIDATE_PRODUCT = YES;
			};
			name = Release;
		};
		205009C32700C6D300199FEB /* Debug */ = {
			isa = XCBuildConfiguration;
			buildSettings = {
				ASSETCATALOG_COMPILER_APPICON_NAME = AppIcon;
				ASSETCATALOG_COMPILER_GLOBAL_ACCENT_COLOR_NAME = AccentColor;
				CODE_SIGN_STYLE = Automatic;
				DEVELOPMENT_TEAM = HWU7734XG6;
				INFOPLIST_FILE = UIDesignTest/Info.plist;
				LD_RUNPATH_SEARCH_PATHS = (
					"$(inherited)",
					"@executable_path/Frameworks",
				);
				PRODUCT_BUNDLE_IDENTIFIER = com.higgstudio.UIDesignTest;
				PRODUCT_NAME = "$(TARGET_NAME)";
				SWIFT_VERSION = 5.0;
				TARGETED_DEVICE_FAMILY = "1,2";
			};
			name = Debug;
		};
		205009C42700C6D300199FEB /* Release */ = {
			isa = XCBuildConfiguration;
			buildSettings = {
				ASSETCATALOG_COMPILER_APPICON_NAME = AppIcon;
				ASSETCATALOG_COMPILER_GLOBAL_ACCENT_COLOR_NAME = AccentColor;
				CODE_SIGN_STYLE = Automatic;
				DEVELOPMENT_TEAM = HWU7734XG6;
				INFOPLIST_FILE = UIDesignTest/Info.plist;
				LD_RUNPATH_SEARCH_PATHS = (
					"$(inherited)",
					"@executable_path/Frameworks",
				);
				PRODUCT_BUNDLE_IDENTIFIER = com.higgstudio.UIDesignTest;
				PRODUCT_NAME = "$(TARGET_NAME)";
				SWIFT_VERSION = 5.0;
				TARGETED_DEVICE_FAMILY = "1,2";
			};
			name = Release;
		};
/* End XCBuildConfiguration section */

/* Begin XCConfigurationList section */
		205009A62700C6CB00199FEB /* Build configuration list for PBXProject "UIDesignTest" */ = {
			isa = XCConfigurationList;
			buildConfigurations = (
				205009C02700C6D300199FEB /* Debug */,
				205009C12700C6D300199FEB /* Release */,
			);
			defaultConfigurationIsVisible = 0;
			defaultConfigurationName = Release;
		};
		205009C22700C6D300199FEB /* Build configuration list for PBXNativeTarget "UIDesignTest" */ = {
			isa = XCConfigurationList;
			buildConfigurations = (
				205009C32700C6D300199FEB /* Debug */,
				205009C42700C6D300199FEB /* Release */,
			);
			defaultConfigurationIsVisible = 0;
			defaultConfigurationName = Release;
		};
/* End XCConfigurationList section */

/* Begin XCVersionGroup section */
		205009B72700C6CC00199FEB /* UIDesignTest.xcdatamodeld */ = {
			isa = XCVersionGroup;
			children = (
				205009B82700C6CC00199FEB /* UIDesignTest.xcdatamodel */,
			);
			currentVersion = 205009B82700C6CC00199FEB /* UIDesignTest.xcdatamodel */;
			path = UIDesignTest.xcdatamodeld;
			sourceTree = "<group>";
			versionGroupType = wrapper.xcdatamodel;
		};
/* End XCVersionGroup section */
	};
	rootObject = 205009A32700C6CB00199FEB /* Project object */;
}
